// !$*UTF8*$!
{
	archiveVersion = 1;
	classes = {
	};
	objectVersion = 46;
	objects = {

/* Begin PBXBuildFile section */
		5210B05E1A85633500D83384 /* StartViewController.xib in Resources */ = {isa = PBXBuildFile; fileRef = 5210B05D1A85633500D83384 /* StartViewController.xib */; };
		5210B0611A8617EF00D83384 /* toddler@2x.png in Resources */ = {isa = PBXBuildFile; fileRef = 5210B05F1A8617EF00D83384 /* toddler@2x.png */; };
		5210B0621A8617EF00D83384 /* zarmy-logo@2x.png in Resources */ = {isa = PBXBuildFile; fileRef = 5210B0601A8617EF00D83384 /* zarmy-logo@2x.png */; };
		52B953801A850649009AF375 /* StartViewController.swift in Sources */ = {isa = PBXBuildFile; fileRef = 52B9537F1A850649009AF375 /* StartViewController.swift */; };
		52B953851A853F31009AF375 /* start-bg@2x.png in Resources */ = {isa = PBXBuildFile; fileRef = 52B953841A853F31009AF375 /* start-bg@2x.png */; };
		5F100BFCD1871D0817269979 /* libPods.a in Frameworks */ = {isa = PBXBuildFile; fileRef = 2BEE7AE2913575E5A645436D /* libPods.a */; };
		D9394DB91A88626F00EB5E6C /* WebViewController.swift in Sources */ = {isa = PBXBuildFile; fileRef = D9394DB81A88626F00EB5E6C /* WebViewController.swift */; };
		D9A9050B1A84EDC500465A0A /* AppDelegate.swift in Sources */ = {isa = PBXBuildFile; fileRef = D9A9050A1A84EDC500465A0A /* AppDelegate.swift */; };
		D9A9050E1A84EDC500465A0A /* Zarmy.xcdatamodeld in Sources */ = {isa = PBXBuildFile; fileRef = D9A9050C1A84EDC500465A0A /* Zarmy.xcdatamodeld */; };
		D9A905151A84EDC500465A0A /* Images.xcassets in Resources */ = {isa = PBXBuildFile; fileRef = D9A905141A84EDC500465A0A /* Images.xcassets */; };
		D9A905181A84EDC500465A0A /* LaunchScreen.xib in Resources */ = {isa = PBXBuildFile; fileRef = D9A905161A84EDC500465A0A /* LaunchScreen.xib */; };
		D9A905241A84EDC500465A0A /* ZarmyTests.swift in Sources */ = {isa = PBXBuildFile; fileRef = D9A905231A84EDC500465A0A /* ZarmyTests.swift */; };
		D9A905331A87AD1100465A0A /* AppConfiguration.swift in Sources */ = {isa = PBXBuildFile; fileRef = D9A9052E1A87AD1100465A0A /* AppConfiguration.swift */; };
		D9A905341A87AD1100465A0A /* AppHelpers.swift in Sources */ = {isa = PBXBuildFile; fileRef = D9A9052F1A87AD1100465A0A /* AppHelpers.swift */; };
		D9A905351A87AD1100465A0A /* APIClientManager.swift in Sources */ = {isa = PBXBuildFile; fileRef = D9A905301A87AD1100465A0A /* APIClientManager.swift */; };
		D9A905371A87AD1100465A0A /* UserDefaultsManager.swift in Sources */ = {isa = PBXBuildFile; fileRef = D9A905321A87AD1100465A0A /* UserDefaultsManager.swift */; };
		D9A9053E1A87AE1B00465A0A /* Dictionary+union.swift in Sources */ = {isa = PBXBuildFile; fileRef = D9A9053A1A87AE1B00465A0A /* Dictionary+union.swift */; };
		D9A9053F1A87AE1B00465A0A /* String+rangeSubscript.swift in Sources */ = {isa = PBXBuildFile; fileRef = D9A9053B1A87AE1B00465A0A /* String+rangeSubscript.swift */; };
		D9A905401A87AE1B00465A0A /* UIColor+hexRGB.swift in Sources */ = {isa = PBXBuildFile; fileRef = D9A9053C1A87AE1B00465A0A /* UIColor+hexRGB.swift */; };
		D9A905411A87AE1B00465A0A /* UIView+initWithNib.swift in Sources */ = {isa = PBXBuildFile; fileRef = D9A9053D1A87AE1B00465A0A /* UIView+initWithNib.swift */; };
/* End PBXBuildFile section */

/* Begin PBXContainerItemProxy section */
		D9A9051E1A84EDC500465A0A /* PBXContainerItemProxy */ = {
			isa = PBXContainerItemProxy;
			containerPortal = D9A904FD1A84EDC500465A0A /* Project object */;
			proxyType = 1;
			remoteGlobalIDString = D9A905041A84EDC500465A0A;
			remoteInfo = Zarmy;
		};
/* End PBXContainerItemProxy section */

/* Begin PBXFileReference section */
		05E999A19D1FBB3F02D6FD15 /* Pods.debug.xcconfig */ = {isa = PBXFileReference; includeInIndex = 1; lastKnownFileType = text.xcconfig; name = Pods.debug.xcconfig; path = "../Pods/Target Support Files/Pods/Pods.debug.xcconfig"; sourceTree = "<group>"; };
		2BEE7AE2913575E5A645436D /* libPods.a */ = {isa = PBXFileReference; explicitFileType = archive.ar; includeInIndex = 0; path = libPods.a; sourceTree = BUILT_PRODUCTS_DIR; };
		31A3AFE3B9CDC7A1396095AD /* Pods.release.xcconfig */ = {isa = PBXFileReference; includeInIndex = 1; lastKnownFileType = text.xcconfig; name = Pods.release.xcconfig; path = "../Pods/Target Support Files/Pods/Pods.release.xcconfig"; sourceTree = "<group>"; };
		5210B05D1A85633500D83384 /* StartViewController.xib */ = {isa = PBXFileReference; fileEncoding = 4; lastKnownFileType = file.xib; path = StartViewController.xib; sourceTree = "<group>"; };
		5210B05F1A8617EF00D83384 /* toddler@2x.png */ = {isa = PBXFileReference; lastKnownFileType = image.png; path = "toddler@2x.png"; sourceTree = "<group>"; };
		5210B0601A8617EF00D83384 /* zarmy-logo@2x.png */ = {isa = PBXFileReference; lastKnownFileType = image.png; path = "zarmy-logo@2x.png"; sourceTree = "<group>"; };
		52B9537F1A850649009AF375 /* StartViewController.swift */ = {isa = PBXFileReference; fileEncoding = 4; lastKnownFileType = sourcecode.swift; path = StartViewController.swift; sourceTree = "<group>"; };
		52B953841A853F31009AF375 /* start-bg@2x.png */ = {isa = PBXFileReference; lastKnownFileType = image.png; path = "start-bg@2x.png"; sourceTree = "<group>"; };
		D9394DB81A88626F00EB5E6C /* WebViewController.swift */ = {isa = PBXFileReference; fileEncoding = 4; lastKnownFileType = sourcecode.swift; path = WebViewController.swift; sourceTree = "<group>"; };
		D9394DBA1A88635A00EB5E6C /* Zarmy-Bridging-Header.h */ = {isa = PBXFileReference; fileEncoding = 4; lastKnownFileType = sourcecode.c.h; path = "Zarmy-Bridging-Header.h"; sourceTree = "<group>"; };
		D9A905051A84EDC500465A0A /* Zarmy.app */ = {isa = PBXFileReference; explicitFileType = wrapper.application; includeInIndex = 0; path = Zarmy.app; sourceTree = BUILT_PRODUCTS_DIR; };
		D9A905091A84EDC500465A0A /* Info.plist */ = {isa = PBXFileReference; lastKnownFileType = text.plist.xml; path = Info.plist; sourceTree = "<group>"; };
		D9A9050A1A84EDC500465A0A /* AppDelegate.swift */ = {isa = PBXFileReference; lastKnownFileType = sourcecode.swift; path = AppDelegate.swift; sourceTree = "<group>"; };
		D9A9050D1A84EDC500465A0A /* Zarmy.xcdatamodel */ = {isa = PBXFileReference; lastKnownFileType = wrapper.xcdatamodel; path = Zarmy.xcdatamodel; sourceTree = "<group>"; };
		D9A905141A84EDC500465A0A /* Images.xcassets */ = {isa = PBXFileReference; lastKnownFileType = folder.assetcatalog; path = Images.xcassets; sourceTree = "<group>"; };
		D9A905171A84EDC500465A0A /* Base */ = {isa = PBXFileReference; lastKnownFileType = file.xib; name = Base; path = Base.lproj/LaunchScreen.xib; sourceTree = "<group>"; };
		D9A9051D1A84EDC500465A0A /* ZarmyTests.xctest */ = {isa = PBXFileReference; explicitFileType = wrapper.cfbundle; includeInIndex = 0; path = ZarmyTests.xctest; sourceTree = BUILT_PRODUCTS_DIR; };
		D9A905221A84EDC500465A0A /* Info.plist */ = {isa = PBXFileReference; lastKnownFileType = text.plist.xml; path = Info.plist; sourceTree = "<group>"; };
		D9A905231A84EDC500465A0A /* ZarmyTests.swift */ = {isa = PBXFileReference; lastKnownFileType = sourcecode.swift; path = ZarmyTests.swift; sourceTree = "<group>"; };
		D9A9052E1A87AD1100465A0A /* AppConfiguration.swift */ = {isa = PBXFileReference; fileEncoding = 4; lastKnownFileType = sourcecode.swift; path = AppConfiguration.swift; sourceTree = "<group>"; };
		D9A9052F1A87AD1100465A0A /* AppHelpers.swift */ = {isa = PBXFileReference; fileEncoding = 4; lastKnownFileType = sourcecode.swift; path = AppHelpers.swift; sourceTree = "<group>"; };
		D9A905301A87AD1100465A0A /* APIClientManager.swift */ = {isa = PBXFileReference; fileEncoding = 4; lastKnownFileType = sourcecode.swift; path = APIClientManager.swift; sourceTree = "<group>"; };
		D9A905321A87AD1100465A0A /* UserDefaultsManager.swift */ = {isa = PBXFileReference; fileEncoding = 4; lastKnownFileType = sourcecode.swift; path = UserDefaultsManager.swift; sourceTree = "<group>"; };
		D9A9053A1A87AE1B00465A0A /* Dictionary+union.swift */ = {isa = PBXFileReference; fileEncoding = 4; lastKnownFileType = sourcecode.swift; path = "Dictionary+union.swift"; sourceTree = "<group>"; };
		D9A9053B1A87AE1B00465A0A /* String+rangeSubscript.swift */ = {isa = PBXFileReference; fileEncoding = 4; lastKnownFileType = sourcecode.swift; path = "String+rangeSubscript.swift"; sourceTree = "<group>"; };
		D9A9053C1A87AE1B00465A0A /* UIColor+hexRGB.swift */ = {isa = PBXFileReference; fileEncoding = 4; lastKnownFileType = sourcecode.swift; path = "UIColor+hexRGB.swift"; sourceTree = "<group>"; };
		D9A9053D1A87AE1B00465A0A /* UIView+initWithNib.swift */ = {isa = PBXFileReference; fileEncoding = 4; lastKnownFileType = sourcecode.swift; path = "UIView+initWithNib.swift"; sourceTree = "<group>"; };
/* End PBXFileReference section */

/* Begin PBXFrameworksBuildPhase section */
		D9A905021A84EDC500465A0A /* Frameworks */ = {
			isa = PBXFrameworksBuildPhase;
			buildActionMask = 2147483647;
			files = (
				5F100BFCD1871D0817269979 /* libPods.a in Frameworks */,
			);
			runOnlyForDeploymentPostprocessing = 0;
		};
		D9A9051A1A84EDC500465A0A /* Frameworks */ = {
			isa = PBXFrameworksBuildPhase;
			buildActionMask = 2147483647;
			files = (
			);
			runOnlyForDeploymentPostprocessing = 0;
		};
/* End PBXFrameworksBuildPhase section */

/* Begin PBXGroup section */
		29E95EA5F045A78101DB9929 /* Frameworks */ = {
			isa = PBXGroup;
			children = (
				2BEE7AE2913575E5A645436D /* libPods.a */,
			);
			name = Frameworks;
			sourceTree = "<group>";
		};
		52B953831A853F31009AF375 /* images */ = {
			isa = PBXGroup;
			children = (
				5210B05F1A8617EF00D83384 /* toddler@2x.png */,
				5210B0601A8617EF00D83384 /* zarmy-logo@2x.png */,
				52B953841A853F31009AF375 /* start-bg@2x.png */,
			);
			path = images;
			sourceTree = "<group>";
		};
		96D98EC86D2C9673DF2E956A /* Pods */ = {
			isa = PBXGroup;
			children = (
				05E999A19D1FBB3F02D6FD15 /* Pods.debug.xcconfig */,
				31A3AFE3B9CDC7A1396095AD /* Pods.release.xcconfig */,
			);
			name = Pods;
			sourceTree = "<group>";
		};
		D9A904FC1A84EDC500465A0A = {
			isa = PBXGroup;
			children = (
				D9A905071A84EDC500465A0A /* Zarmy */,
				D9A905201A84EDC500465A0A /* ZarmyTests */,
				D9A905061A84EDC500465A0A /* Products */,
				96D98EC86D2C9673DF2E956A /* Pods */,
				29E95EA5F045A78101DB9929 /* Frameworks */,
			);
			sourceTree = "<group>";
		};
		D9A905061A84EDC500465A0A /* Products */ = {
			isa = PBXGroup;
			children = (
				D9A905051A84EDC500465A0A /* Zarmy.app */,
				D9A9051D1A84EDC500465A0A /* ZarmyTests.xctest */,
			);
			name = Products;
			sourceTree = "<group>";
		};
		D9A905071A84EDC500465A0A /* Zarmy */ = {
			isa = PBXGroup;
			children = (
				D9A9052D1A87ACE200465A0A /* Core */,
				52B9537F1A850649009AF375 /* StartViewController.swift */,
				5210B05D1A85633500D83384 /* StartViewController.xib */,
				D9394DB81A88626F00EB5E6C /* WebViewController.swift */,
				D9A905141A84EDC500465A0A /* Images.xcassets */,
				D9A905161A84EDC500465A0A /* LaunchScreen.xib */,
				52B953831A853F31009AF375 /* images */,
				D9A9050C1A84EDC500465A0A /* Zarmy.xcdatamodeld */,
				D9A905081A84EDC500465A0A /* Supporting Files */,
			);
			path = Zarmy;
			sourceTree = "<group>";
		};
		D9A905081A84EDC500465A0A /* Supporting Files */ = {
			isa = PBXGroup;
			children = (
				D9A905091A84EDC500465A0A /* Info.plist */,
			);
			name = "Supporting Files";
			sourceTree = "<group>";
		};
		D9A905201A84EDC500465A0A /* ZarmyTests */ = {
			isa = PBXGroup;
			children = (
				D9A905231A84EDC500465A0A /* ZarmyTests.swift */,
				D9A905211A84EDC500465A0A /* Supporting Files */,
			);
			path = ZarmyTests;
			sourceTree = "<group>";
		};
		D9A905211A84EDC500465A0A /* Supporting Files */ = {
			isa = PBXGroup;
			children = (
				D9A905221A84EDC500465A0A /* Info.plist */,
			);
			name = "Supporting Files";
			sourceTree = "<group>";
		};
		D9A9052D1A87ACE200465A0A /* Core */ = {
			isa = PBXGroup;
			children = (
				D9A905391A87ADFE00465A0A /* Extensions */,
				D9A9052E1A87AD1100465A0A /* AppConfiguration.swift */,
				D9A9050A1A84EDC500465A0A /* AppDelegate.swift */,
				D9A9052F1A87AD1100465A0A /* AppHelpers.swift */,
				D9A905301A87AD1100465A0A /* APIClientManager.swift */,
				D9A905321A87AD1100465A0A /* UserDefaultsManager.swift */,
				D9394DBA1A88635A00EB5E6C /* Zarmy-Bridging-Header.h */,
			);
			name = Core;
			sourceTree = "<group>";
		};
		D9A905391A87ADFE00465A0A /* Extensions */ = {
			isa = PBXGroup;
			children = (
				D9A9053A1A87AE1B00465A0A /* Dictionary+union.swift */,
				D9A9053B1A87AE1B00465A0A /* String+rangeSubscript.swift */,
				D9A9053C1A87AE1B00465A0A /* UIColor+hexRGB.swift */,
				D9A9053D1A87AE1B00465A0A /* UIView+initWithNib.swift */,
			);
			name = Extensions;
			sourceTree = "<group>";
		};
/* End PBXGroup section */

/* Begin PBXNativeTarget section */
		D9A905041A84EDC500465A0A /* Zarmy */ = {
			isa = PBXNativeTarget;
			buildConfigurationList = D9A905271A84EDC500465A0A /* Build configuration list for PBXNativeTarget "Zarmy" */;
			buildPhases = (
				153B29F3C16C3FA1B4A081A1 /* Check Pods Manifest.lock */,
				D9A905011A84EDC500465A0A /* Sources */,
				D9A905021A84EDC500465A0A /* Frameworks */,
				D9A905031A84EDC500465A0A /* Resources */,
				92E47368EE4E2C2AE81416C2 /* Copy Pods Resources */,
				D9A905451A87B35600465A0A /* ShellScript */,
			);
			buildRules = (
			);
			dependencies = (
			);
			name = Zarmy;
			productName = Zarmy;
			productReference = D9A905051A84EDC500465A0A /* Zarmy.app */;
			productType = "com.apple.product-type.application";
		};
		D9A9051C1A84EDC500465A0A /* ZarmyTests */ = {
			isa = PBXNativeTarget;
			buildConfigurationList = D9A9052A1A84EDC500465A0A /* Build configuration list for PBXNativeTarget "ZarmyTests" */;
			buildPhases = (
				D9A905191A84EDC500465A0A /* Sources */,
				D9A9051A1A84EDC500465A0A /* Frameworks */,
				D9A9051B1A84EDC500465A0A /* Resources */,
			);
			buildRules = (
			);
			dependencies = (
				D9A9051F1A84EDC500465A0A /* PBXTargetDependency */,
			);
			name = ZarmyTests;
			productName = ZarmyTests;
			productReference = D9A9051D1A84EDC500465A0A /* ZarmyTests.xctest */;
			productType = "com.apple.product-type.bundle.unit-test";
		};
/* End PBXNativeTarget section */

/* Begin PBXProject section */
		D9A904FD1A84EDC500465A0A /* Project object */ = {
			isa = PBXProject;
			attributes = {
				LastUpgradeCheck = 0610;
				ORGANIZATIONNAME = Zarmy;
				TargetAttributes = {
					D9A905041A84EDC500465A0A = {
						CreatedOnToolsVersion = 6.1.1;
						DevelopmentTeam = CVRT76J4TY;
						SystemCapabilities = {
							com.apple.BackgroundModes = {
								enabled = 1;
							};
						};
					};
					D9A9051C1A84EDC500465A0A = {
						CreatedOnToolsVersion = 6.1.1;
						DevelopmentTeam = CVRT76J4TY;
						TestTargetID = D9A905041A84EDC500465A0A;
					};
				};
			};
			buildConfigurationList = D9A905001A84EDC500465A0A /* Build configuration list for PBXProject "Zarmy" */;
			compatibilityVersion = "Xcode 3.2";
			developmentRegion = English;
			hasScannedForEncodings = 0;
			knownRegions = (
				en,
				Base,
			);
			mainGroup = D9A904FC1A84EDC500465A0A;
			productRefGroup = D9A905061A84EDC500465A0A /* Products */;
			projectDirPath = "";
			projectRoot = "";
			targets = (
				D9A905041A84EDC500465A0A /* Zarmy */,
				D9A9051C1A84EDC500465A0A /* ZarmyTests */,
			);
		};
/* End PBXProject section */

/* Begin PBXResourcesBuildPhase section */
		D9A905031A84EDC500465A0A /* Resources */ = {
			isa = PBXResourcesBuildPhase;
			buildActionMask = 2147483647;
			files = (
				D9A905181A84EDC500465A0A /* LaunchScreen.xib in Resources */,
				5210B0611A8617EF00D83384 /* toddler@2x.png in Resources */,
				5210B05E1A85633500D83384 /* StartViewController.xib in Resources */,
				52B953851A853F31009AF375 /* start-bg@2x.png in Resources */,
				5210B0621A8617EF00D83384 /* zarmy-logo@2x.png in Resources */,
				D9A905151A84EDC500465A0A /* Images.xcassets in Resources */,
			);
			runOnlyForDeploymentPostprocessing = 0;
		};
		D9A9051B1A84EDC500465A0A /* Resources */ = {
			isa = PBXResourcesBuildPhase;
			buildActionMask = 2147483647;
			files = (
			);
			runOnlyForDeploymentPostprocessing = 0;
		};
/* End PBXResourcesBuildPhase section */

/* Begin PBXShellScriptBuildPhase section */
		153B29F3C16C3FA1B4A081A1 /* Check Pods Manifest.lock */ = {
			isa = PBXShellScriptBuildPhase;
			buildActionMask = 2147483647;
			files = (
			);
			inputPaths = (
			);
			name = "Check Pods Manifest.lock";
			outputPaths = (
			);
			runOnlyForDeploymentPostprocessing = 0;
			shellPath = /bin/sh;
			shellScript = "diff \"${PODS_ROOT}/../Podfile.lock\" \"${PODS_ROOT}/Manifest.lock\" > /dev/null\nif [[ $? != 0 ]] ; then\n    cat << EOM\nerror: The sandbox is not in sync with the Podfile.lock. Run 'pod install' or update your CocoaPods installation.\nEOM\n    exit 1\nfi\n";
			showEnvVarsInLog = 0;
		};
		92E47368EE4E2C2AE81416C2 /* Copy Pods Resources */ = {
			isa = PBXShellScriptBuildPhase;
			buildActionMask = 2147483647;
			files = (
			);
			inputPaths = (
			);
			name = "Copy Pods Resources";
			outputPaths = (
			);
			runOnlyForDeploymentPostprocessing = 0;
			shellPath = /bin/sh;
			shellScript = "\"${SRCROOT}/../Pods/Target Support Files/Pods/Pods-resources.sh\"\n";
			showEnvVarsInLog = 0;
		};
		D9A905451A87B35600465A0A /* ShellScript */ = {
			isa = PBXShellScriptBuildPhase;
			buildActionMask = 2147483647;
			files = (
			);
			inputPaths = (
			);
			outputPaths = (
			);
			runOnlyForDeploymentPostprocessing = 0;
			shellPath = /bin/bash;
			shellScript = "#!/bin/bash\nbuildNumber=$(/usr/libexec/PlistBuddy -c \"Print CFBundleVersion\" \"$INFOPLIST_FILE\")\nbuildNumber=$(($buildNumber + 1))\n/usr/libexec/PlistBuddy -c \"Set :CFBundleVersion $buildNumber\" \"$INFOPLIST_FILE\"";
		};
/* End PBXShellScriptBuildPhase section */

/* Begin PBXSourcesBuildPhase section */
		D9A905011A84EDC500465A0A /* Sources */ = {
			isa = PBXSourcesBuildPhase;
			buildActionMask = 2147483647;
			files = (
				D9A905401A87AE1B00465A0A /* UIColor+hexRGB.swift in Sources */,
				D9A9053F1A87AE1B00465A0A /* String+rangeSubscript.swift in Sources */,
				52B953801A850649009AF375 /* StartViewController.swift in Sources */,
				D9A9050B1A84EDC500465A0A /* AppDelegate.swift in Sources */,
				D9A905411A87AE1B00465A0A /* UIView+initWithNib.swift in Sources */,
				D9A9053E1A87AE1B00465A0A /* Dictionary+union.swift in Sources */,
				D9A905331A87AD1100465A0A /* AppConfiguration.swift in Sources */,
				D9394DB91A88626F00EB5E6C /* WebViewController.swift in Sources */,
				D9A9050E1A84EDC500465A0A /* Zarmy.xcdatamodeld in Sources */,
				D9A905341A87AD1100465A0A /* AppHelpers.swift in Sources */,
				D9A905371A87AD1100465A0A /* UserDefaultsManager.swift in Sources */,
				D9A905351A87AD1100465A0A /* APIClientManager.swift in Sources */,
			);
			runOnlyForDeploymentPostprocessing = 0;
		};
		D9A905191A84EDC500465A0A /* Sources */ = {
			isa = PBXSourcesBuildPhase;
			buildActionMask = 2147483647;
			files = (
				D9A905241A84EDC500465A0A /* ZarmyTests.swift in Sources */,
			);
			runOnlyForDeploymentPostprocessing = 0;
		};
/* End PBXSourcesBuildPhase section */

/* Begin PBXTargetDependency section */
		D9A9051F1A84EDC500465A0A /* PBXTargetDependency */ = {
			isa = PBXTargetDependency;
			target = D9A905041A84EDC500465A0A /* Zarmy */;
			targetProxy = D9A9051E1A84EDC500465A0A /* PBXContainerItemProxy */;
		};
/* End PBXTargetDependency section */

/* Begin PBXVariantGroup section */
		D9A905161A84EDC500465A0A /* LaunchScreen.xib */ = {
			isa = PBXVariantGroup;
			children = (
				D9A905171A84EDC500465A0A /* Base */,
			);
			name = LaunchScreen.xib;
			sourceTree = "<group>";
		};
/* End PBXVariantGroup section */

/* Begin XCBuildConfiguration section */
		D9A905251A84EDC500465A0A /* Debug */ = {
			isa = XCBuildConfiguration;
			buildSettings = {
				ALWAYS_SEARCH_USER_PATHS = NO;
				CLANG_CXX_LANGUAGE_STANDARD = "gnu++0x";
				CLANG_CXX_LIBRARY = "libc++";
				CLANG_ENABLE_MODULES = YES;
				CLANG_ENABLE_OBJC_ARC = YES;
				CLANG_WARN_BOOL_CONVERSION = YES;
				CLANG_WARN_CONSTANT_CONVERSION = YES;
				CLANG_WARN_DIRECT_OBJC_ISA_USAGE = YES_ERROR;
				CLANG_WARN_EMPTY_BODY = YES;
				CLANG_WARN_ENUM_CONVERSION = YES;
				CLANG_WARN_INT_CONVERSION = YES;
				CLANG_WARN_OBJC_ROOT_CLASS = YES_ERROR;
				CLANG_WARN_UNREACHABLE_CODE = YES;
				CLANG_WARN__DUPLICATE_METHOD_MATCH = YES;
				"CODE_SIGN_IDENTITY[sdk=iphoneos*]" = "iPhone Developer";
				COPY_PHASE_STRIP = NO;
				ENABLE_STRICT_OBJC_MSGSEND = YES;
				GCC_C_LANGUAGE_STANDARD = gnu99;
				GCC_DYNAMIC_NO_PIC = NO;
				GCC_OPTIMIZATION_LEVEL = 0;
				GCC_PREPROCESSOR_DEFINITIONS = (
					"DEBUG=1",
					"$(inherited)",
				);
				GCC_SYMBOLS_PRIVATE_EXTERN = NO;
				GCC_WARN_64_TO_32_BIT_CONVERSION = YES;
				GCC_WARN_ABOUT_RETURN_TYPE = YES_ERROR;
				GCC_WARN_UNDECLARED_SELECTOR = YES;
				GCC_WARN_UNINITIALIZED_AUTOS = YES_AGGRESSIVE;
				GCC_WARN_UNUSED_FUNCTION = YES;
				GCC_WARN_UNUSED_VARIABLE = YES;
				IPHONEOS_DEPLOYMENT_TARGET = 7.1;
				MTL_ENABLE_DEBUG_INFO = YES;
				ONLY_ACTIVE_ARCH = YES;
				SDKROOT = iphoneos;
				SWIFT_OPTIMIZATION_LEVEL = "-Onone";
			};
			name = Debug;
		};
		D9A905261A84EDC500465A0A /* Release */ = {
			isa = XCBuildConfiguration;
			buildSettings = {
				ALWAYS_SEARCH_USER_PATHS = NO;
				CLANG_CXX_LANGUAGE_STANDARD = "gnu++0x";
				CLANG_CXX_LIBRARY = "libc++";
				CLANG_ENABLE_MODULES = YES;
				CLANG_ENABLE_OBJC_ARC = YES;
				CLANG_WARN_BOOL_CONVERSION = YES;
				CLANG_WARN_CONSTANT_CONVERSION = YES;
				CLANG_WARN_DIRECT_OBJC_ISA_USAGE = YES_ERROR;
				CLANG_WARN_EMPTY_BODY = YES;
				CLANG_WARN_ENUM_CONVERSION = YES;
				CLANG_WARN_INT_CONVERSION = YES;
				CLANG_WARN_OBJC_ROOT_CLASS = YES_ERROR;
				CLANG_WARN_UNREACHABLE_CODE = YES;
				CLANG_WARN__DUPLICATE_METHOD_MATCH = YES;
				"CODE_SIGN_IDENTITY[sdk=iphoneos*]" = "iPhone Developer";
				COPY_PHASE_STRIP = YES;
				ENABLE_NS_ASSERTIONS = NO;
				ENABLE_STRICT_OBJC_MSGSEND = YES;
				GCC_C_LANGUAGE_STANDARD = gnu99;
				GCC_WARN_64_TO_32_BIT_CONVERSION = YES;
				GCC_WARN_ABOUT_RETURN_TYPE = YES_ERROR;
				GCC_WARN_UNDECLARED_SELECTOR = YES;
				GCC_WARN_UNINITIALIZED_AUTOS = YES_AGGRESSIVE;
				GCC_WARN_UNUSED_FUNCTION = YES;
				GCC_WARN_UNUSED_VARIABLE = YES;
				IPHONEOS_DEPLOYMENT_TARGET = 7.1;
				MTL_ENABLE_DEBUG_INFO = NO;
				SDKROOT = iphoneos;
				VALIDATE_PRODUCT = YES;
			};
			name = Release;
		};
		D9A905281A84EDC500465A0A /* Debug */ = {
			isa = XCBuildConfiguration;
			baseConfigurationReference = 05E999A19D1FBB3F02D6FD15 /* Pods.debug.xcconfig */;
			buildSettings = {
				ASSETCATALOG_COMPILER_APPICON_NAME = AppIcon;
				CLANG_ENABLE_MODULES = YES;
				CODE_SIGN_IDENTITY = "";
				INFOPLIST_FILE = Zarmy/Info.plist;
				IPHONEOS_DEPLOYMENT_TARGET = 7.1;
				LD_RUNPATH_SEARCH_PATHS = "$(inherited) @executable_path/Frameworks";
				PRODUCT_NAME = "$(TARGET_NAME)";
				PROVISIONING_PROFILE = "92cd9eb9-cc86-46b0-9497-74274bd8662a";
				SWIFT_OBJC_BRIDGING_HEADER = "Zarmy/Zarmy-Bridging-Header.h";
				SWIFT_OPTIMIZATION_LEVEL = "-Onone";
			};
			name = Debug;
		};
		D9A905291A84EDC500465A0A /* Release */ = {
			isa = XCBuildConfiguration;
			baseConfigurationReference = 31A3AFE3B9CDC7A1396095AD /* Pods.release.xcconfig */;
			buildSettings = {
				ASSETCATALOG_COMPILER_APPICON_NAME = AppIcon;
				CLANG_ENABLE_MODULES = YES;
				CODE_SIGN_IDENTITY = "iPhone Developer";
				INFOPLIST_FILE = Zarmy/Info.plist;
				IPHONEOS_DEPLOYMENT_TARGET = 7.1;
				LD_RUNPATH_SEARCH_PATHS = "$(inherited) @executable_path/Frameworks";
				PRODUCT_NAME = "$(TARGET_NAME)";
				PROVISIONING_PROFILE = "92cd9eb9-cc86-46b0-9497-74274bd8662a";
				SWIFT_OBJC_BRIDGING_HEADER = "Zarmy/Zarmy-Bridging-Header.h";
			};
			name = Release;
		};
		D9A9052B1A84EDC500465A0A /* Debug */ = {
			isa = XCBuildConfiguration;
			buildSettings = {
				BUNDLE_LOADER = "$(TEST_HOST)";
				FRAMEWORK_SEARCH_PATHS = (
					"$(SDKROOT)/Developer/Library/Frameworks",
					"$(inherited)",
				);
				GCC_PREPROCESSOR_DEFINITIONS = (
					"DEBUG=1",
					"$(inherited)",
				);
				INFOPLIST_FILE = ZarmyTests/Info.plist;
				LD_RUNPATH_SEARCH_PATHS = "$(inherited) @executable_path/Frameworks @loader_path/Frameworks";
				PRODUCT_NAME = "$(TARGET_NAME)";
				TEST_HOST = "$(BUILT_PRODUCTS_DIR)/Zarmy.app/Zarmy";
			};
			name = Debug;
		};
		D9A9052C1A84EDC500465A0A /* Release */ = {
			isa = XCBuildConfiguration;
			buildSettings = {
				BUNDLE_LOADER = "$(TEST_HOST)";
				FRAMEWORK_SEARCH_PATHS = (
					"$(SDKROOT)/Developer/Library/Frameworks",
					"$(inherited)",
				);
				INFOPLIST_FILE = ZarmyTests/Info.plist;
				LD_RUNPATH_SEARCH_PATHS = "$(inherited) @executable_path/Frameworks @loader_path/Frameworks";
				PRODUCT_NAME = "$(TARGET_NAME)";
				TEST_HOST = "$(BUILT_PRODUCTS_DIR)/Zarmy.app/Zarmy";
			};
			name = Release;
		};
/* End XCBuildConfiguration section */

/* Begin XCConfigurationList section */
		D9A905001A84EDC500465A0A /* Build configuration list for PBXProject "Zarmy" */ = {
			isa = XCConfigurationList;
			buildConfigurations = (
				D9A905251A84EDC500465A0A /* Debug */,
				D9A905261A84EDC500465A0A /* Release */,
			);
			defaultConfigurationIsVisible = 0;
			defaultConfigurationName = Release;
		};
		D9A905271A84EDC500465A0A /* Build configuration list for PBXNativeTarget "Zarmy" */ = {
			isa = XCConfigurationList;
			buildConfigurations = (
				D9A905281A84EDC500465A0A /* Debug */,
				D9A905291A84EDC500465A0A /* Release */,
			);
			defaultConfigurationIsVisible = 0;
			defaultConfigurationName = Release;
		};
		D9A9052A1A84EDC500465A0A /* Build configuration list for PBXNativeTarget "ZarmyTests" */ = {
			isa = XCConfigurationList;
			buildConfigurations = (
				D9A9052B1A84EDC500465A0A /* Debug */,
				D9A9052C1A84EDC500465A0A /* Release */,
			);
			defaultConfigurationIsVisible = 0;
			defaultConfigurationName = Release;
		};
/* End XCConfigurationList section */

/* Begin XCVersionGroup section */
		D9A9050C1A84EDC500465A0A /* Zarmy.xcdatamodeld */ = {
			isa = XCVersionGroup;
			children = (
				D9A9050D1A84EDC500465A0A /* Zarmy.xcdatamodel */,
			);
			currentVersion = D9A9050D1A84EDC500465A0A /* Zarmy.xcdatamodel */;
			path = Zarmy.xcdatamodeld;
			sourceTree = "<group>";
			versionGroupType = wrapper.xcdatamodel;
		};
/* End XCVersionGroup section */
	};
	rootObject = D9A904FD1A84EDC500465A0A /* Project object */;
}
